
Microsoft Visual Studio Solution File, Format Version 12.00
# Visual Studio 15
VisualStudioVersion = 15.0.28010.2003
MinimumVisualStudioVersion = 10.0.40219.1
Project("{FAE04EC0-301F-11D3-BF4B-00C04F79EFBC}") = "KK.MyExcelDNA", "KK.MyExcelDNA\KK.MyExcelDNA.csproj", "{2604F524-1884-4888-8D11-31E473BFD913}"
EndProject
Global
	GlobalSection(SolutionConfigurationPlatforms) = preSolution
		Debug|Any CPU = Debug|Any CPU
		Release|Any CPU = Release|Any CPU
	EndGlobalSection
	GlobalSection(ProjectConfigurationPlatforms) = postSolution
		{2604F524-1884-4888-8D11-31E473BFD913}.Debug|Any CPU.ActiveCfg = Debug|Any CPU
		{2604F524-1884-4888-8D11-31E473BFD913}.Debug|Any CPU.Build.0 = Debug|Any CPU
		{2604F524-1884-4888-8D11-31E473BFD913}.Release|Any CPU.ActiveCfg = Release|Any CPU
		{2604F524-1884-4888-8D11-31E473BFD913}.Release|Any CPU.Build.0 = Release|Any CPU
	EndGlobalSection
	GlobalSection(SolutionProperties) = preSolution
		HideSolutionNode = FALSE
	EndGlobalSection
	GlobalSection(ExtensibilityGlobals) = postSolution
		SolutionGuid = {36BF5832-4853-473A-B3D5-41C319657956}
	EndGlobalSection
EndGlobal
