
Microsoft Visual Studio Solution File, Format Version 12.00
# Visual Studio 15
VisualStudioVersion = 15.0.26430.12
MinimumVisualStudioVersion = 10.0.40219.1
Project("{FAE04EC0-301F-11D3-BF4B-00C04F79EFBC}") = "KK.WX", "KK.WX\KK.WX.csproj", "{263EC1CC-6C22-425B-A919-D6C1C85C809F}"
EndProject
Project("{FAE04EC0-301F-11D3-BF4B-00C04F79EFBC}") = "KK.WXTests", "KK.WXTests\KK.WXTests.csproj", "{8746E2B3-E2E1-45BF-B73D-1A2133843146}"
EndProject
Global
	GlobalSection(SolutionConfigurationPlatforms) = preSolution
		Debug|Any CPU = Debug|Any CPU
		Release|Any CPU = Release|Any CPU
	EndGlobalSection
	GlobalSection(ProjectConfigurationPlatforms) = postSolution
		{263EC1CC-6C22-425B-A919-D6C1C85C809F}.Debug|Any CPU.ActiveCfg = Debug|Any CPU
		{263EC1CC-6C22-425B-A919-D6C1C85C809F}.Debug|Any CPU.Build.0 = Debug|Any CPU
		{263EC1CC-6C22-425B-A919-D6C1C85C809F}.Release|Any CPU.ActiveCfg = Release|Any CPU
		{263EC1CC-6C22-425B-A919-D6C1C85C809F}.Release|Any CPU.Build.0 = Release|Any CPU
		{8746E2B3-E2E1-45BF-B73D-1A2133843146}.Debug|Any CPU.ActiveCfg = Debug|Any CPU
		{8746E2B3-E2E1-45BF-B73D-1A2133843146}.Debug|Any CPU.Build.0 = Debug|Any CPU
		{8746E2B3-E2E1-45BF-B73D-1A2133843146}.Release|Any CPU.ActiveCfg = Release|Any CPU
		{8746E2B3-E2E1-45BF-B73D-1A2133843146}.Release|Any CPU.Build.0 = Release|Any CPU
	EndGlobalSection
	GlobalSection(SolutionProperties) = preSolution
		HideSolutionNode = FALSE
	EndGlobalSection
EndGlobal
