
Microsoft Visual Studio Solution File, Format Version 12.00
# Blend for Visual Studio 15
VisualStudioVersion = 15.0.26009.0
MinimumVisualStudioVersion = 10.0.40219.1
Project("{FAE04EC0-301F-11D3-BF4B-00C04F79EFBC}") = "ZS.WPFControls", "ZS.WPFControls\ZS.WPFControls.csproj", "{1CBE5F0D-B128-4E38-8896-C71D6B42674F}"
EndProject
Project("{FAE04EC0-301F-11D3-BF4B-00C04F79EFBC}") = "ZS.WPFControlTest", "ZS.WPFControlTest\ZS.WPFControlTest.csproj", "{236ED2D9-06FC-48D8-9056-0C0A94AE7A83}"
EndProject
Global
	GlobalSection(SolutionConfigurationPlatforms) = preSolution
		Debug|Any CPU = Debug|Any CPU
		Release|Any CPU = Release|Any CPU
	EndGlobalSection
	GlobalSection(ProjectConfigurationPlatforms) = postSolution
		{1CBE5F0D-B128-4E38-8896-C71D6B42674F}.Debug|Any CPU.ActiveCfg = Debug|Any CPU
		{1CBE5F0D-B128-4E38-8896-C71D6B42674F}.Debug|Any CPU.Build.0 = Debug|Any CPU
		{1CBE5F0D-B128-4E38-8896-C71D6B42674F}.Release|Any CPU.ActiveCfg = Release|Any CPU
		{1CBE5F0D-B128-4E38-8896-C71D6B42674F}.Release|Any CPU.Build.0 = Release|Any CPU
		{236ED2D9-06FC-48D8-9056-0C0A94AE7A83}.Debug|Any CPU.ActiveCfg = Debug|Any CPU
		{236ED2D9-06FC-48D8-9056-0C0A94AE7A83}.Debug|Any CPU.Build.0 = Debug|Any CPU
		{236ED2D9-06FC-48D8-9056-0C0A94AE7A83}.Release|Any CPU.ActiveCfg = Release|Any CPU
		{236ED2D9-06FC-48D8-9056-0C0A94AE7A83}.Release|Any CPU.Build.0 = Release|Any CPU
	EndGlobalSection
	GlobalSection(SolutionProperties) = preSolution
		HideSolutionNode = FALSE
	EndGlobalSection
EndGlobal
