
Microsoft Visual Studio Solution File, Format Version 12.00
# Visual Studio 14
VisualStudioVersion = 14.0.25123.0
MinimumVisualStudioVersion = 10.0.40219.1
Project("{F184B08F-C81C-45F6-A57F-5ABD9991F28F}") = "ZS.OutlookAddin", "ZS.OutlookAddin\ZS.OutlookAddin.vbproj", "{4F7521F5-94A9-44ED-A63E-77EAD3DB9390}"
EndProject
Global
	GlobalSection(SolutionConfigurationPlatforms) = preSolution
		Debug|Any CPU = Debug|Any CPU
		Release|Any CPU = Release|Any CPU
	EndGlobalSection
	GlobalSection(ProjectConfigurationPlatforms) = postSolution
		{4F7521F5-94A9-44ED-A63E-77EAD3DB9390}.Debug|Any CPU.ActiveCfg = Debug|Any CPU
		{4F7521F5-94A9-44ED-A63E-77EAD3DB9390}.Debug|Any CPU.Build.0 = Debug|Any CPU
		{4F7521F5-94A9-44ED-A63E-77EAD3DB9390}.Release|Any CPU.ActiveCfg = Release|Any CPU
		{4F7521F5-94A9-44ED-A63E-77EAD3DB9390}.Release|Any CPU.Build.0 = Release|Any CPU
	EndGlobalSection
	GlobalSection(SolutionProperties) = preSolution
		HideSolutionNode = FALSE
	EndGlobalSection
EndGlobal
