
Microsoft Visual Studio Solution File, Format Version 12.00
# Visual Studio 15
Project("{FAE04EC0-301F-11D3-BF4B-00C04F79EFBC}") = "DHDWeb", "DHDWeb\DHDWeb.csproj", "{24D4B9C6-6953-4B5D-AF2D-0F779C6F1246}"
EndProject
Project("{FAE04EC0-301F-11D3-BF4B-00C04F79EFBC}") = "DHDWebTest", "DHDWebTest\DHDWebTest.csproj", "{044EF433-2F58-4196-9661-EE527686FF94}"
EndProject
Global
	GlobalSection(SolutionConfigurationPlatforms) = preSolution
		Debug|Any CPU = Debug|Any CPU
		Release|Any CPU = Release|Any CPU
	EndGlobalSection
	GlobalSection(ProjectConfigurationPlatforms) = postSolution
		{24D4B9C6-6953-4B5D-AF2D-0F779C6F1246}.Debug|Any CPU.ActiveCfg = Debug|Any CPU
		{24D4B9C6-6953-4B5D-AF2D-0F779C6F1246}.Debug|Any CPU.Build.0 = Debug|Any CPU
		{24D4B9C6-6953-4B5D-AF2D-0F779C6F1246}.Release|Any CPU.ActiveCfg = Release|Any CPU
		{24D4B9C6-6953-4B5D-AF2D-0F779C6F1246}.Release|Any CPU.Build.0 = Release|Any CPU
		{044EF433-2F58-4196-9661-EE527686FF94}.Debug|Any CPU.ActiveCfg = Debug|Any CPU
		{044EF433-2F58-4196-9661-EE527686FF94}.Debug|Any CPU.Build.0 = Debug|Any CPU
		{044EF433-2F58-4196-9661-EE527686FF94}.Release|Any CPU.ActiveCfg = Release|Any CPU
		{044EF433-2F58-4196-9661-EE527686FF94}.Release|Any CPU.Build.0 = Release|Any CPU
	EndGlobalSection
EndGlobal
